
Microsoft Visual Studio Solution File, Format Version 12.00
# Visual Studio 15
VisualStudioVersion = 15.0.27703.2018
MinimumVisualStudioVersion = 10.0.40219.1
Project("{9A19103F-16F7-4668-BE54-9A1E7A4F7556}") = "Library", "Library\Library.csproj", "{5F89AE4E-1F26-41C9-A576-0BEB35043283}"
EndProject
Project("{9A19103F-16F7-4668-BE54-9A1E7A4F7556}") = "LibraryData", "LibraryData\LibraryData.csproj", "{CB78E5DF-D1CC-4531-954C-0A55F0551A33}"
EndProject
Project("{FAE04EC0-301F-11D3-BF4B-00C04F79EFBC}") = "LibraryServices", "LibraryServices\LibraryServices.csproj", "{E99AAE3B-C395-4DFB-82C8-C45180315343}"
	ProjectSection(ProjectDependencies) = postProject
		{CB78E5DF-D1CC-4531-954C-0A55F0551A33} = {CB78E5DF-D1CC-4531-954C-0A55F0551A33}
	EndProjectSection
EndProject
Global
	GlobalSection(SolutionConfigurationPlatforms) = preSolution
		Debug|Any CPU = Debug|Any CPU
		Release|Any CPU = Release|Any CPU
	EndGlobalSection
	GlobalSection(ProjectConfigurationPlatforms) = postSolution
		{5F89AE4E-1F26-41C9-A576-0BEB35043283}.Debug|Any CPU.ActiveCfg = Debug|Any CPU
		{5F89AE4E-1F26-41C9-A576-0BEB35043283}.Debug|Any CPU.Build.0 = Debug|Any CPU
		{5F89AE4E-1F26-41C9-A576-0BEB35043283}.Release|Any CPU.ActiveCfg = Release|Any CPU
		{5F89AE4E-1F26-41C9-A576-0BEB35043283}.Release|Any CPU.Build.0 = Release|Any CPU
		{CB78E5DF-D1CC-4531-954C-0A55F0551A33}.Debug|Any CPU.ActiveCfg = Debug|Any CPU
		{CB78E5DF-D1CC-4531-954C-0A55F0551A33}.Debug|Any CPU.Build.0 = Debug|Any CPU
		{CB78E5DF-D1CC-4531-954C-0A55F0551A33}.Release|Any CPU.ActiveCfg = Release|Any CPU
		{CB78E5DF-D1CC-4531-954C-0A55F0551A33}.Release|Any CPU.Build.0 = Release|Any CPU
		{E99AAE3B-C395-4DFB-82C8-C45180315343}.Debug|Any CPU.ActiveCfg = Debug|Any CPU
		{E99AAE3B-C395-4DFB-82C8-C45180315343}.Debug|Any CPU.Build.0 = Debug|Any CPU
		{E99AAE3B-C395-4DFB-82C8-C45180315343}.Release|Any CPU.ActiveCfg = Release|Any CPU
		{E99AAE3B-C395-4DFB-82C8-C45180315343}.Release|Any CPU.Build.0 = Release|Any CPU
	EndGlobalSection
	GlobalSection(SolutionProperties) = preSolution
		HideSolutionNode = FALSE
	EndGlobalSection
	GlobalSection(ExtensibilityGlobals) = postSolution
		SolutionGuid = {3E943DF6-E128-43F0-B10E-7CF58C260A5C}
	EndGlobalSection
EndGlobal
